
Microsoft Visual Studio Solution File, Format Version 12.00
# Visual Studio Version 17
VisualStudioVersion = 17.8.34004.107
MinimumVisualStudioVersion = 10.0.40219.1
Project("{FAE04EC0-301F-11D3-BF4B-00C04F79EFBC}") = "FunctionChaining", "FunctionChaining.csproj", "{689445E9-F7A3-4BD9-9BF6-35E93AF59BCC}"
EndProject
Global
	GlobalSection(SolutionConfigurationPlatforms) = preSolution
		Debug|Any CPU = Debug|Any CPU
		Release|Any CPU = Release|Any CPU
	EndGlobalSection
	GlobalSection(ProjectConfigurationPlatforms) = postSolution
		{689445E9-F7A3-4BD9-9BF6-35E93AF59BCC}.Debug|Any CPU.ActiveCfg = Debug|Any CPU
		{689445E9-F7A3-4BD9-9BF6-35E93AF59BCC}.Debug|Any CPU.Build.0 = Debug|Any CPU
		{689445E9-F7A3-4BD9-9BF6-35E93AF59BCC}.Release|Any CPU.ActiveCfg = Release|Any CPU
		{689445E9-F7A3-4BD9-9BF6-35E93AF59BCC}.Release|Any CPU.Build.0 = Release|Any CPU
	EndGlobalSection
	GlobalSection(SolutionProperties) = preSolution
		HideSolutionNode = FALSE
	EndGlobalSection
	GlobalSection(ExtensibilityGlobals) = postSolution
		SolutionGuid = {27F9222D-9DA7-4B5B-A5A4-E1F6B41A42B7}
	EndGlobalSection
EndGlobal
